
Microsoft Visual Studio Solution File, Format Version 12.00
# Visual Studio Version 17
VisualStudioVersion = 17.4.33205.214
MinimumVisualStudioVersion = 10.0.40219.1
Project("{2150E333-8FDC-42A3-9474-1A3956D46DE8}") = "FileService", "FileService", "{13B73B5F-8EAA-43B6-B853-08C779C1CA14}"
EndProject
Project("{9A19103F-16F7-4668-BE54-9A1E7A4F7556}") = "Perfect.FileService.Api", "Perfect.FileService.Api\Perfect.FileService.Api.csproj", "{907A2A25-6D86-4249-930F-81DA135ACD48}"
EndProject
Project("{9A19103F-16F7-4668-BE54-9A1E7A4F7556}") = "Perfect.Messages", "Perfect.Messages\Perfect.Messages.csproj", "{BEB47300-A0FC-46DE-A837-7AFD8F9C2BCF}"
EndProject
Project("{9A19103F-16F7-4668-BE54-9A1E7A4F7556}") = "Perfect.FileService.Infrastructure", "Perfect.FileService.Infrastructure\Perfect.FileService.Infrastructure.csproj", "{2398FE0C-799C-4B43-A8E4-DB57AB487FD8}"
EndProject
Project("{9A19103F-16F7-4668-BE54-9A1E7A4F7556}") = "Perfect.FileService.Application", "Perfect.FileService.Application\Perfect.FileService.Application.csproj", "{ADC1579B-DEFF-40B1-9F20-C882AC866FB9}"
EndProject
Project("{2150E333-8FDC-42A3-9474-1A3956D46DE8}") = "AnalyzerService", "AnalyzerService", "{B07E3C84-7A1D-4F34-961B-4B234D818AAF}"
EndProject
Project("{FAE04EC0-301F-11D3-BF4B-00C04F79EFBC}") = "Perfect.AnalyzerService.Api", "Perfect.AnalyzerService.Api\Perfect.AnalyzerService.Api.csproj", "{6193FBD1-15FA-4CAD-8FB4-89A14B1DD078}"
EndProject
Project("{FAE04EC0-301F-11D3-BF4B-00C04F79EFBC}") = "Perfect.AnalyzerService.Application", "Perfect.AnalyzerService.Application\Perfect.AnalyzerService.Application.csproj", "{323BE41E-F1AB-4C39-87F1-0B0068352AF5}"
EndProject
Project("{FAE04EC0-301F-11D3-BF4B-00C04F79EFBC}") = "Perfect.AnalyzerService.Infrastructure", "Perfect.AnalyzerService.Infrastructure\Perfect.AnalyzerService.Infrastructure.csproj", "{91F49119-B489-4CAC-AD3D-5CAB41EF6240}"
EndProject
Project("{2150E333-8FDC-42A3-9474-1A3956D46DE8}") = "tests", "tests", "{39C8F145-DE30-4A68-9B72-6CB2DF409E52}"
EndProject
Project("{FAE04EC0-301F-11D3-BF4B-00C04F79EFBC}") = "Perfect.FileAnalyzer.Application.Tests", "Perfect.FileAnalyzer.Application.Tests\Perfect.FileAnalyzer.Application.Tests.csproj", "{23FB1352-026C-4DE2-BDDD-05B939112471}"
Project("{2150E333-8FDC-42A3-9474-1A3956D46DE8}") = "SagaService", "SagaService", "{DF42CB26-C723-4E6D-BAB0-7F764DDB128B}"
EndProject
Project("{9A19103F-16F7-4668-BE54-9A1E7A4F7556}") = "Perfect.SagaService.Host", "Perfect.SagaService.Host\Perfect.SagaService.Host.csproj", "{9C6899DD-C669-4E5F-96FC-C7D94F4E2B67}"
EndProject
Project("{E53339B2-1760-4266-BCC7-CA923CBCF16C}") = "docker-compose", "docker-compose.dcproj", "{FBC75FC4-81C3-46C5-9089-C4A12B936A04}"
EndProject
Global
	GlobalSection(SolutionConfigurationPlatforms) = preSolution
		Debug|Any CPU = Debug|Any CPU
		Release|Any CPU = Release|Any CPU
	EndGlobalSection
	GlobalSection(ProjectConfigurationPlatforms) = postSolution
		{907A2A25-6D86-4249-930F-81DA135ACD48}.Debug|Any CPU.ActiveCfg = Debug|Any CPU
		{907A2A25-6D86-4249-930F-81DA135ACD48}.Debug|Any CPU.Build.0 = Debug|Any CPU
		{907A2A25-6D86-4249-930F-81DA135ACD48}.Release|Any CPU.ActiveCfg = Release|Any CPU
		{907A2A25-6D86-4249-930F-81DA135ACD48}.Release|Any CPU.Build.0 = Release|Any CPU
		{BEB47300-A0FC-46DE-A837-7AFD8F9C2BCF}.Debug|Any CPU.ActiveCfg = Debug|Any CPU
		{BEB47300-A0FC-46DE-A837-7AFD8F9C2BCF}.Debug|Any CPU.Build.0 = Debug|Any CPU
		{BEB47300-A0FC-46DE-A837-7AFD8F9C2BCF}.Release|Any CPU.ActiveCfg = Release|Any CPU
		{BEB47300-A0FC-46DE-A837-7AFD8F9C2BCF}.Release|Any CPU.Build.0 = Release|Any CPU
		{2398FE0C-799C-4B43-A8E4-DB57AB487FD8}.Debug|Any CPU.ActiveCfg = Debug|Any CPU
		{2398FE0C-799C-4B43-A8E4-DB57AB487FD8}.Debug|Any CPU.Build.0 = Debug|Any CPU
		{2398FE0C-799C-4B43-A8E4-DB57AB487FD8}.Release|Any CPU.ActiveCfg = Release|Any CPU
		{2398FE0C-799C-4B43-A8E4-DB57AB487FD8}.Release|Any CPU.Build.0 = Release|Any CPU
		{ADC1579B-DEFF-40B1-9F20-C882AC866FB9}.Debug|Any CPU.ActiveCfg = Debug|Any CPU
		{ADC1579B-DEFF-40B1-9F20-C882AC866FB9}.Debug|Any CPU.Build.0 = Debug|Any CPU
		{ADC1579B-DEFF-40B1-9F20-C882AC866FB9}.Release|Any CPU.ActiveCfg = Release|Any CPU
		{ADC1579B-DEFF-40B1-9F20-C882AC866FB9}.Release|Any CPU.Build.0 = Release|Any CPU
		{6193FBD1-15FA-4CAD-8FB4-89A14B1DD078}.Debug|Any CPU.ActiveCfg = Debug|Any CPU
		{6193FBD1-15FA-4CAD-8FB4-89A14B1DD078}.Debug|Any CPU.Build.0 = Debug|Any CPU
		{6193FBD1-15FA-4CAD-8FB4-89A14B1DD078}.Release|Any CPU.ActiveCfg = Release|Any CPU
		{6193FBD1-15FA-4CAD-8FB4-89A14B1DD078}.Release|Any CPU.Build.0 = Release|Any CPU
		{323BE41E-F1AB-4C39-87F1-0B0068352AF5}.Debug|Any CPU.ActiveCfg = Debug|Any CPU
		{323BE41E-F1AB-4C39-87F1-0B0068352AF5}.Debug|Any CPU.Build.0 = Debug|Any CPU
		{323BE41E-F1AB-4C39-87F1-0B0068352AF5}.Release|Any CPU.ActiveCfg = Release|Any CPU
		{323BE41E-F1AB-4C39-87F1-0B0068352AF5}.Release|Any CPU.Build.0 = Release|Any CPU
		{91F49119-B489-4CAC-AD3D-5CAB41EF6240}.Debug|Any CPU.ActiveCfg = Debug|Any CPU
		{91F49119-B489-4CAC-AD3D-5CAB41EF6240}.Debug|Any CPU.Build.0 = Debug|Any CPU
		{91F49119-B489-4CAC-AD3D-5CAB41EF6240}.Release|Any CPU.ActiveCfg = Release|Any CPU
		{91F49119-B489-4CAC-AD3D-5CAB41EF6240}.Release|Any CPU.Build.0 = Release|Any CPU
		{23FB1352-026C-4DE2-BDDD-05B939112471}.Debug|Any CPU.ActiveCfg = Debug|Any CPU
		{23FB1352-026C-4DE2-BDDD-05B939112471}.Debug|Any CPU.Build.0 = Debug|Any CPU
		{23FB1352-026C-4DE2-BDDD-05B939112471}.Release|Any CPU.ActiveCfg = Release|Any CPU
		{23FB1352-026C-4DE2-BDDD-05B939112471}.Release|Any CPU.Build.0 = Release|Any CPU
		{9C6899DD-C669-4E5F-96FC-C7D94F4E2B67}.Debug|Any CPU.ActiveCfg = Debug|Any CPU
		{9C6899DD-C669-4E5F-96FC-C7D94F4E2B67}.Debug|Any CPU.Build.0 = Debug|Any CPU
		{9C6899DD-C669-4E5F-96FC-C7D94F4E2B67}.Release|Any CPU.ActiveCfg = Release|Any CPU
		{9C6899DD-C669-4E5F-96FC-C7D94F4E2B67}.Release|Any CPU.Build.0 = Release|Any CPU
		{FBC75FC4-81C3-46C5-9089-C4A12B936A04}.Debug|Any CPU.ActiveCfg = Debug|Any CPU
		{FBC75FC4-81C3-46C5-9089-C4A12B936A04}.Debug|Any CPU.Build.0 = Debug|Any CPU
		{FBC75FC4-81C3-46C5-9089-C4A12B936A04}.Release|Any CPU.ActiveCfg = Release|Any CPU
		{FBC75FC4-81C3-46C5-9089-C4A12B936A04}.Release|Any CPU.Build.0 = Release|Any CPU
	EndGlobalSection
	GlobalSection(SolutionProperties) = preSolution
		HideSolutionNode = FALSE
	EndGlobalSection
	GlobalSection(NestedProjects) = preSolution
		{907A2A25-6D86-4249-930F-81DA135ACD48} = {13B73B5F-8EAA-43B6-B853-08C779C1CA14}
		{2398FE0C-799C-4B43-A8E4-DB57AB487FD8} = {13B73B5F-8EAA-43B6-B853-08C779C1CA14}
		{ADC1579B-DEFF-40B1-9F20-C882AC866FB9} = {13B73B5F-8EAA-43B6-B853-08C779C1CA14}
		{6193FBD1-15FA-4CAD-8FB4-89A14B1DD078} = {B07E3C84-7A1D-4F34-961B-4B234D818AAF}
		{323BE41E-F1AB-4C39-87F1-0B0068352AF5} = {B07E3C84-7A1D-4F34-961B-4B234D818AAF}
		{91F49119-B489-4CAC-AD3D-5CAB41EF6240} = {B07E3C84-7A1D-4F34-961B-4B234D818AAF}
		{39C8F145-DE30-4A68-9B72-6CB2DF409E52} = {B07E3C84-7A1D-4F34-961B-4B234D818AAF}
		{23FB1352-026C-4DE2-BDDD-05B939112471} = {39C8F145-DE30-4A68-9B72-6CB2DF409E52}
		{9C6899DD-C669-4E5F-96FC-C7D94F4E2B67} = {DF42CB26-C723-4E6D-BAB0-7F764DDB128B}
	EndGlobalSection
	GlobalSection(ExtensibilityGlobals) = postSolution
		SolutionGuid = {12D2A8F0-EA77-4CB7-80A2-FE5F6D574DDC}
	EndGlobalSection
EndGlobal
